
Microsoft Visual Studio Solution File, Format Version 11.00
# Visual Studio 2010
Project("{FAE04EC0-301F-11D3-BF4B-00C04F79EFBC}") = "EventHandling", "EventHandling.csproj", "{AFC1AD17-351D-4B22-A3EB-181DE43C673B}"
EndProject
Global
	GlobalSection(SolutionConfigurationPlatforms) = preSolution
		Debug|Any CPU = Debug|Any CPU
		Debug|x86 = Debug|x86
		Release|Any CPU = Release|Any CPU
		Release|x86 = Release|x86
	EndGlobalSection
	GlobalSection(ProjectConfigurationPlatforms) = postSolution
		{AFC1AD17-351D-4B22-A3EB-181DE43C673B}.Debug|Any CPU.ActiveCfg = Debug|x86
		{AFC1AD17-351D-4B22-A3EB-181DE43C673B}.Debug|x86.ActiveCfg = Debug|x86
		{AFC1AD17-351D-4B22-A3EB-181DE43C673B}.Debug|x86.Build.0 = Debug|x86
		{AFC1AD17-351D-4B22-A3EB-181DE43C673B}.Release|Any CPU.ActiveCfg = Release|x86
		{AFC1AD17-351D-4B22-A3EB-181DE43C673B}.Release|x86.ActiveCfg = Release|x86
		{AFC1AD17-351D-4B22-A3EB-181DE43C673B}.Release|x86.Build.0 = Release|x86
	EndGlobalSection
	GlobalSection(SolutionProperties) = preSolution
		HideSolutionNode = FALSE
	EndGlobalSection
EndGlobal
