
Microsoft Visual Studio Solution File, Format Version 11.00
# Visual Studio 2010
Project("{FAE04EC0-301F-11D3-BF4B-00C04F79EFBC}") = "TranslateRotateScale", "TranslateRotateScale.csproj", "{A762FFC7-25C1-4A5E-B2D0-F49FFDB2E68A}"
EndProject
Global
	GlobalSection(SolutionConfigurationPlatforms) = preSolution
		Debug|Any CPU = Debug|Any CPU
		Release|Any CPU = Release|Any CPU
	EndGlobalSection
	GlobalSection(ProjectConfigurationPlatforms) = postSolution
		{A762FFC7-25C1-4A5E-B2D0-F49FFDB2E68A}.Debug|Any CPU.ActiveCfg = Debug|x86
		{A762FFC7-25C1-4A5E-B2D0-F49FFDB2E68A}.Release|Any CPU.ActiveCfg = Release|x86
		{A762FFC7-25C1-4A5E-B2D0-F49FFDB2E68A}.Release|Any CPU.Build.0 = Release|x86
	EndGlobalSection
	GlobalSection(SolutionProperties) = preSolution
		HideSolutionNode = FALSE
	EndGlobalSection
EndGlobal
