
Microsoft Visual Studio Solution File, Format Version 9.00
# Visual Studio 2005
Project("{FAE04EC0-301F-11D3-BF4B-00C04F79EFBC}") = "AssemblyLoading", "AssemblyLoading.csproj", "{A762FFC7-25C1-4A5E-B2D0-F49FFDB1E68A}"
EndProject
Global
	GlobalSection(SolutionConfigurationPlatforms) = preSolution
		Debug|Any CPU = Debug|Any CPU
		Debug|x86 = Debug|x86
		Release|Any CPU = Release|Any CPU
		Release|x86 = Release|x86
	EndGlobalSection
	GlobalSection(ProjectConfigurationPlatforms) = postSolution
		{A762FFC7-25C1-4A5E-B2D0-F49FFDB1E68A}.Debug|Any CPU.ActiveCfg = Debug|x86
		{A762FFC7-25C1-4A5E-B2D0-F49FFDB1E68A}.Debug|x86.ActiveCfg = Debug|x86
		{A762FFC7-25C1-4A5E-B2D0-F49FFDB1E68A}.Debug|x86.Build.0 = Debug|x86
		{A762FFC7-25C1-4A5E-B2D0-F49FFDB1E68A}.Release|Any CPU.ActiveCfg = Release|x86
		{A762FFC7-25C1-4A5E-B2D0-F49FFDB1E68A}.Release|x86.ActiveCfg = Release|x86
		{A762FFC7-25C1-4A5E-B2D0-F49FFDB1E68A}.Release|x86.Build.0 = Release|x86
	EndGlobalSection
	GlobalSection(SolutionProperties) = preSolution
		HideSolutionNode = FALSE
	EndGlobalSection
EndGlobal
